
Microsoft Visual Studio Solution File, Format Version 12.00
# Visual Studio 2012
Project("{FAE04EC0-301F-11D3-BF4B-00C04F79EFBC}") = "Zenject", "Zenject\Zenject.csproj", "{A9C52DCC-AEA4-4C4D-8852-003CC8F2680E}"
EndProject
Project("{FAE04EC0-301F-11D3-BF4B-00C04F79EFBC}") = "Zenject-tests", "Zenject-tests\Zenject-tests.csproj", "{759BAEE6-64F5-48CD-8BB4-F55A52BCAAAE}"
EndProject
Project("{FAE04EC0-301F-11D3-BF4B-00C04F79EFBC}") = "Assembly-CSharp", "SampleProjects\Asteroids\Assembly-CSharp.csproj", "{7A8E2D87-BD4D-935C-C539-C3FF95D2C919}"
EndProject
Global
	GlobalSection(SolutionConfigurationPlatforms) = preSolution
		Debug|Any CPU = Debug|Any CPU
		Release|Any CPU = Release|Any CPU
	EndGlobalSection
	GlobalSection(ProjectConfigurationPlatforms) = postSolution
		{A9C52DCC-AEA4-4C4D-8852-003CC8F2680E}.Debug|Any CPU.ActiveCfg = Debug|Any CPU
		{A9C52DCC-AEA4-4C4D-8852-003CC8F2680E}.Debug|Any CPU.Build.0 = Debug|Any CPU
		{A9C52DCC-AEA4-4C4D-8852-003CC8F2680E}.Release|Any CPU.ActiveCfg = Release|Any CPU
		{A9C52DCC-AEA4-4C4D-8852-003CC8F2680E}.Release|Any CPU.Build.0 = Release|Any CPU
		{759BAEE6-64F5-48CD-8BB4-F55A52BCAAAE}.Debug|Any CPU.ActiveCfg = Debug|Any CPU
		{759BAEE6-64F5-48CD-8BB4-F55A52BCAAAE}.Debug|Any CPU.Build.0 = Debug|Any CPU
		{759BAEE6-64F5-48CD-8BB4-F55A52BCAAAE}.Release|Any CPU.ActiveCfg = Release|Any CPU
		{759BAEE6-64F5-48CD-8BB4-F55A52BCAAAE}.Release|Any CPU.Build.0 = Release|Any CPU
		{7A8E2D87-BD4D-935C-C539-C3FF95D2C919}.Debug|Any CPU.ActiveCfg = Debug|Any CPU
		{7A8E2D87-BD4D-935C-C539-C3FF95D2C919}.Debug|Any CPU.Build.0 = Debug|Any CPU
		{7A8E2D87-BD4D-935C-C539-C3FF95D2C919}.Release|Any CPU.ActiveCfg = Release|Any CPU
		{7A8E2D87-BD4D-935C-C539-C3FF95D2C919}.Release|Any CPU.Build.0 = Release|Any CPU
	EndGlobalSection
	GlobalSection(SolutionProperties) = preSolution
		HideSolutionNode = FALSE
	EndGlobalSection
EndGlobal
